// !$*UTF8*$!
{
	archiveVersion = 1;
	classes = {
	};
	objectVersion = 55;
	objects = {

/* Begin PBXBuildFile section */
		5A0FD89628BDA03200B8B918 /* AppetizersApp.swift in Sources */ = {isa = PBXBuildFile; fileRef = 5A0FD89528BDA03200B8B918 /* AppetizersApp.swift */; };
		5A0FD89828BDA03200B8B918 /* AppetizerTabView.swift in Sources */ = {isa = PBXBuildFile; fileRef = 5A0FD89728BDA03200B8B918 /* AppetizerTabView.swift */; };
		5A0FD89A28BDA03400B8B918 /* Assets.xcassets in Resources */ = {isa = PBXBuildFile; fileRef = 5A0FD89928BDA03400B8B918 /* Assets.xcassets */; };
		5A0FD89D28BDA03400B8B918 /* Preview Assets.xcassets in Resources */ = {isa = PBXBuildFile; fileRef = 5A0FD89C28BDA03400B8B918 /* Preview Assets.xcassets */; };
		5A0FD8A428BDA09000B8B918 /* AppetizerListView.swift in Sources */ = {isa = PBXBuildFile; fileRef = 5A0FD8A328BDA09000B8B918 /* AppetizerListView.swift */; };
		5A0FD8A628BDA09900B8B918 /* AccountView.swift in Sources */ = {isa = PBXBuildFile; fileRef = 5A0FD8A528BDA09900B8B918 /* AccountView.swift */; };
		5A0FD8A828BDA0A200B8B918 /* OrderView.swift in Sources */ = {isa = PBXBuildFile; fileRef = 5A0FD8A728BDA0A200B8B918 /* OrderView.swift */; };
		5ACC546C28C3797E00C1D34B /* NetworkManager.swift in Sources */ = {isa = PBXBuildFile; fileRef = 5ACC546B28C3797D00C1D34B /* NetworkManager.swift */; };
		5ACC546E28C37A5A00C1D34B /* APError.swift in Sources */ = {isa = PBXBuildFile; fileRef = 5ACC546D28C37A5A00C1D34B /* APError.swift */; };
		5ACC547028C38E3800C1D34B /* AppetizerListViewModel.swift in Sources */ = {isa = PBXBuildFile; fileRef = 5ACC546F28C38E3800C1D34B /* AppetizerListViewModel.swift */; };
		5ACC547228C39A4900C1D34B /* Alert.swift in Sources */ = {isa = PBXBuildFile; fileRef = 5ACC547128C39A4900C1D34B /* Alert.swift */; };
		5ACC547428C43A7900C1D34B /* RemoteImage.swift in Sources */ = {isa = PBXBuildFile; fileRef = 5ACC547328C43A7900C1D34B /* RemoteImage.swift */; };
		5AD8A7DC28C4C70800716C45 /* AppetizerDetailView.swift in Sources */ = {isa = PBXBuildFile; fileRef = 5AD8A7DB28C4C70800716C45 /* AppetizerDetailView.swift */; };
		5AD8A7DF28C4D90B00716C45 /* APButton.swift in Sources */ = {isa = PBXBuildFile; fileRef = 5AD8A7DE28C4D90B00716C45 /* APButton.swift */; };
		5AD8A7E128C4DA3900716C45 /* XDismissButton.swift in Sources */ = {isa = PBXBuildFile; fileRef = 5AD8A7E028C4DA3900716C45 /* XDismissButton.swift */; };
		5AD8A7E328C53F4500716C45 /* AccountViewModel.swift in Sources */ = {isa = PBXBuildFile; fileRef = 5AD8A7E228C53F4500716C45 /* AccountViewModel.swift */; };
		5AD8A7E628C5419F00716C45 /* String+Ext.swift in Sources */ = {isa = PBXBuildFile; fileRef = 5AD8A7E528C5419F00716C45 /* String+Ext.swift */; };
		5AD8A7E828C563F300716C45 /* User.swift in Sources */ = {isa = PBXBuildFile; fileRef = 5AD8A7E728C563F300716C45 /* User.swift */; };
		5AF7A5D828BFF05200C5A599 /* Appetizer.swift in Sources */ = {isa = PBXBuildFile; fileRef = 5AF7A5D728BFF05200C5A599 /* Appetizer.swift */; };
		5AF7A5DA28C02B9300C5A599 /* AppetizerListCell.swift in Sources */ = {isa = PBXBuildFile; fileRef = 5AF7A5D928C02B9300C5A599 /* AppetizerListCell.swift */; };
/* End PBXBuildFile section */

/* Begin PBXFileReference section */
		5A0FD89228BDA03200B8B918 /* Appetizers.app */ = {isa = PBXFileReference; explicitFileType = wrapper.application; includeInIndex = 0; path = Appetizers.app; sourceTree = BUILT_PRODUCTS_DIR; };
		5A0FD89528BDA03200B8B918 /* AppetizersApp.swift */ = {isa = PBXFileReference; lastKnownFileType = sourcecode.swift; path = AppetizersApp.swift; sourceTree = "<group>"; };
		5A0FD89728BDA03200B8B918 /* AppetizerTabView.swift */ = {isa = PBXFileReference; lastKnownFileType = sourcecode.swift; path = AppetizerTabView.swift; sourceTree = "<group>"; };
		5A0FD89928BDA03400B8B918 /* Assets.xcassets */ = {isa = PBXFileReference; lastKnownFileType = folder.assetcatalog; path = Assets.xcassets; sourceTree = "<group>"; };
		5A0FD89C28BDA03400B8B918 /* Preview Assets.xcassets */ = {isa = PBXFileReference; lastKnownFileType = folder.assetcatalog; path = "Preview Assets.xcassets"; sourceTree = "<group>"; };
		5A0FD8A328BDA09000B8B918 /* AppetizerListView.swift */ = {isa = PBXFileReference; lastKnownFileType = sourcecode.swift; path = AppetizerListView.swift; sourceTree = "<group>"; };
		5A0FD8A528BDA09900B8B918 /* AccountView.swift */ = {isa = PBXFileReference; lastKnownFileType = sourcecode.swift; path = AccountView.swift; sourceTree = "<group>"; };
		5A0FD8A728BDA0A200B8B918 /* OrderView.swift */ = {isa = PBXFileReference; lastKnownFileType = sourcecode.swift; path = OrderView.swift; sourceTree = "<group>"; };
		5ACC546B28C3797D00C1D34B /* NetworkManager.swift */ = {isa = PBXFileReference; lastKnownFileType = sourcecode.swift; path = NetworkManager.swift; sourceTree = "<group>"; };
		5ACC546D28C37A5A00C1D34B /* APError.swift */ = {isa = PBXFileReference; lastKnownFileType = sourcecode.swift; path = APError.swift; sourceTree = "<group>"; };
		5ACC546F28C38E3800C1D34B /* AppetizerListViewModel.swift */ = {isa = PBXFileReference; lastKnownFileType = sourcecode.swift; path = AppetizerListViewModel.swift; sourceTree = "<group>"; };
		5ACC547128C39A4900C1D34B /* Alert.swift */ = {isa = PBXFileReference; lastKnownFileType = sourcecode.swift; path = Alert.swift; sourceTree = "<group>"; };
		5ACC547328C43A7900C1D34B /* RemoteImage.swift */ = {isa = PBXFileReference; lastKnownFileType = sourcecode.swift; path = RemoteImage.swift; sourceTree = "<group>"; };
		5AD8A7DB28C4C70800716C45 /* AppetizerDetailView.swift */ = {isa = PBXFileReference; lastKnownFileType = sourcecode.swift; path = AppetizerDetailView.swift; sourceTree = "<group>"; };
		5AD8A7DE28C4D90B00716C45 /* APButton.swift */ = {isa = PBXFileReference; lastKnownFileType = sourcecode.swift; path = APButton.swift; sourceTree = "<group>"; };
		5AD8A7E028C4DA3900716C45 /* XDismissButton.swift */ = {isa = PBXFileReference; lastKnownFileType = sourcecode.swift; path = XDismissButton.swift; sourceTree = "<group>"; };
		5AD8A7E228C53F4500716C45 /* AccountViewModel.swift */ = {isa = PBXFileReference; lastKnownFileType = sourcecode.swift; path = AccountViewModel.swift; sourceTree = "<group>"; };
		5AD8A7E528C5419F00716C45 /* String+Ext.swift */ = {isa = PBXFileReference; lastKnownFileType = sourcecode.swift; path = "String+Ext.swift"; sourceTree = "<group>"; };
		5AD8A7E728C563F300716C45 /* User.swift */ = {isa = PBXFileReference; lastKnownFileType = sourcecode.swift; path = User.swift; sourceTree = "<group>"; };
		5AF7A5D728BFF05200C5A599 /* Appetizer.swift */ = {isa = PBXFileReference; lastKnownFileType = sourcecode.swift; path = Appetizer.swift; sourceTree = "<group>"; };
		5AF7A5D928C02B9300C5A599 /* AppetizerListCell.swift */ = {isa = PBXFileReference; lastKnownFileType = sourcecode.swift; path = AppetizerListCell.swift; sourceTree = "<group>"; };
/* End PBXFileReference section */

/* Begin PBXFrameworksBuildPhase section */
		5A0FD88F28BDA03200B8B918 /* Frameworks */ = {
			isa = PBXFrameworksBuildPhase;
			buildActionMask = 2147483647;
			files = (
			);
			runOnlyForDeploymentPostprocessing = 0;
		};
/* End PBXFrameworksBuildPhase section */

/* Begin PBXGroup section */
		5A0FD88928BDA03200B8B918 = {
			isa = PBXGroup;
			children = (
				5A0FD89428BDA03200B8B918 /* Appetizers */,
				5A0FD89328BDA03200B8B918 /* Products */,
			);
			sourceTree = "<group>";
		};
		5A0FD89328BDA03200B8B918 /* Products */ = {
			isa = PBXGroup;
			children = (
				5A0FD89228BDA03200B8B918 /* Appetizers.app */,
			);
			name = Products;
			sourceTree = "<group>";
		};
		5A0FD89428BDA03200B8B918 /* Appetizers */ = {
			isa = PBXGroup;
			children = (
				5ACC547E28C43F1B00C1D34B /* Views */,
				5ACC547C28C43ECD00C1D34B /* Model */,
				5ACC547928C43E8500C1D34B /* Utilities */,
				5ACC547528C43E3100C1D34B /* Screens */,
				5A0FD89528BDA03200B8B918 /* AppetizersApp.swift */,
				5A0FD89928BDA03400B8B918 /* Assets.xcassets */,
				5A0FD89B28BDA03400B8B918 /* Preview Content */,
			);
			path = Appetizers;
			sourceTree = "<group>";
		};
		5A0FD89B28BDA03400B8B918 /* Preview Content */ = {
			isa = PBXGroup;
			children = (
				5A0FD89C28BDA03400B8B918 /* Preview Assets.xcassets */,
			);
			path = "Preview Content";
			sourceTree = "<group>";
		};
		5ACC547528C43E3100C1D34B /* Screens */ = {
			isa = PBXGroup;
			children = (
				5AD8A7DA28C4C6EA00716C45 /* DetailView */,
				5A0FD89728BDA03200B8B918 /* AppetizerTabView.swift */,
				5ACC547828C43E5500C1D34B /* OrderView */,
				5ACC547728C43E4E00C1D34B /* AccountView */,
				5ACC547628C43E4000C1D34B /* AppetizerListView */,
			);
			path = Screens;
			sourceTree = "<group>";
		};
		5ACC547628C43E4000C1D34B /* AppetizerListView */ = {
			isa = PBXGroup;
			children = (
				5A0FD8A328BDA09000B8B918 /* AppetizerListView.swift */,
				5ACC546F28C38E3800C1D34B /* AppetizerListViewModel.swift */,
			);
			path = AppetizerListView;
			sourceTree = "<group>";
		};
		5ACC547728C43E4E00C1D34B /* AccountView */ = {
			isa = PBXGroup;
			children = (
				5A0FD8A528BDA09900B8B918 /* AccountView.swift */,
				5AD8A7E228C53F4500716C45 /* AccountViewModel.swift */,
			);
			path = AccountView;
			sourceTree = "<group>";
		};
		5ACC547828C43E5500C1D34B /* OrderView */ = {
			isa = PBXGroup;
			children = (
				5A0FD8A728BDA0A200B8B918 /* OrderView.swift */,
			);
			path = OrderView;
			sourceTree = "<group>";
		};
		5ACC547928C43E8500C1D34B /* Utilities */ = {
			isa = PBXGroup;
			children = (
				5AD8A7E428C5418E00716C45 /* Extensions */,
				5ACC547B28C43EA600C1D34B /* Alerts */,
				5ACC547A28C43E8E00C1D34B /* Managers */,
			);
			path = Utilities;
			sourceTree = "<group>";
		};
		5ACC547A28C43E8E00C1D34B /* Managers */ = {
			isa = PBXGroup;
			children = (
				5ACC546B28C3797D00C1D34B /* NetworkManager.swift */,
			);
			path = Managers;
			sourceTree = "<group>";
		};
		5ACC547B28C43EA600C1D34B /* Alerts */ = {
			isa = PBXGroup;
			children = (
				5ACC546D28C37A5A00C1D34B /* APError.swift */,
				5ACC547128C39A4900C1D34B /* Alert.swift */,
			);
			path = Alerts;
			sourceTree = "<group>";
		};
		5ACC547C28C43ECD00C1D34B /* Model */ = {
			isa = PBXGroup;
			children = (
				5AF7A5D728BFF05200C5A599 /* Appetizer.swift */,
				5AD8A7E728C563F300716C45 /* User.swift */,
			);
			path = Model;
			sourceTree = "<group>";
		};
		5ACC547E28C43F1B00C1D34B /* Views */ = {
			isa = PBXGroup;
			children = (
				5AD8A7DD28C4D8F600716C45 /* Buttons */,
				5ACC548028C43F3500C1D34B /* Image */,
				5ACC547F28C43F2200C1D34B /* Cells */,
			);
			path = Views;
			sourceTree = "<group>";
		};
		5ACC547F28C43F2200C1D34B /* Cells */ = {
			isa = PBXGroup;
			children = (
				5AF7A5D928C02B9300C5A599 /* AppetizerListCell.swift */,
			);
			path = Cells;
			sourceTree = "<group>";
		};
		5ACC548028C43F3500C1D34B /* Image */ = {
			isa = PBXGroup;
			children = (
				5ACC547328C43A7900C1D34B /* RemoteImage.swift */,
			);
			path = Image;
			sourceTree = "<group>";
		};
		5AD8A7DA28C4C6EA00716C45 /* DetailView */ = {
			isa = PBXGroup;
			children = (
				5AD8A7DB28C4C70800716C45 /* AppetizerDetailView.swift */,
			);
			path = DetailView;
			sourceTree = "<group>";
		};
		5AD8A7DD28C4D8F600716C45 /* Buttons */ = {
			isa = PBXGroup;
			children = (
				5AD8A7DE28C4D90B00716C45 /* APButton.swift */,
				5AD8A7E028C4DA3900716C45 /* XDismissButton.swift */,
			);
			path = Buttons;
			sourceTree = "<group>";
		};
		5AD8A7E428C5418E00716C45 /* Extensions */ = {
			isa = PBXGroup;
			children = (
				5AD8A7E528C5419F00716C45 /* String+Ext.swift */,
			);
			path = Extensions;
			sourceTree = "<group>";
		};
/* End PBXGroup section */

/* Begin PBXNativeTarget section */
		5A0FD89128BDA03200B8B918 /* Appetizers */ = {
			isa = PBXNativeTarget;
			buildConfigurationList = 5A0FD8A028BDA03400B8B918 /* Build configuration list for PBXNativeTarget "Appetizers" */;
			buildPhases = (
				5A0FD88E28BDA03200B8B918 /* Sources */,
				5A0FD88F28BDA03200B8B918 /* Frameworks */,
				5A0FD89028BDA03200B8B918 /* Resources */,
			);
			buildRules = (
			);
			dependencies = (
			);
			name = Appetizers;
			productName = Appetizers;
			productReference = 5A0FD89228BDA03200B8B918 /* Appetizers.app */;
			productType = "com.apple.product-type.application";
		};
/* End PBXNativeTarget section */

/* Begin PBXProject section */
		5A0FD88A28BDA03200B8B918 /* Project object */ = {
			isa = PBXProject;
			attributes = {
				BuildIndependentTargetsInParallel = 1;
				LastSwiftUpdateCheck = 1340;
				LastUpgradeCheck = 1340;
				TargetAttributes = {
					5A0FD89128BDA03200B8B918 = {
						CreatedOnToolsVersion = 13.4.1;
					};
				};
			};
			buildConfigurationList = 5A0FD88D28BDA03200B8B918 /* Build configuration list for PBXProject "Appetizers" */;
			compatibilityVersion = "Xcode 13.0";
			developmentRegion = en;
			hasScannedForEncodings = 0;
			knownRegions = (
				en,
				Base,
			);
			mainGroup = 5A0FD88928BDA03200B8B918;
			productRefGroup = 5A0FD89328BDA03200B8B918 /* Products */;
			projectDirPath = "";
			projectRoot = "";
			targets = (
				5A0FD89128BDA03200B8B918 /* Appetizers */,
			);
		};
/* End PBXProject section */

/* Begin PBXResourcesBuildPhase section */
		5A0FD89028BDA03200B8B918 /* Resources */ = {
			isa = PBXResourcesBuildPhase;
			buildActionMask = 2147483647;
			files = (
				5A0FD89D28BDA03400B8B918 /* Preview Assets.xcassets in Resources */,
				5A0FD89A28BDA03400B8B918 /* Assets.xcassets in Resources */,
			);
			runOnlyForDeploymentPostprocessing = 0;
		};
/* End PBXResourcesBuildPhase section */

/* Begin PBXSourcesBuildPhase section */
		5A0FD88E28BDA03200B8B918 /* Sources */ = {
			isa = PBXSourcesBuildPhase;
			buildActionMask = 2147483647;
			files = (
				5AF7A5D828BFF05200C5A599 /* Appetizer.swift in Sources */,
				5ACC546E28C37A5A00C1D34B /* APError.swift in Sources */,
				5AF7A5DA28C02B9300C5A599 /* AppetizerListCell.swift in Sources */,
				5AD8A7E628C5419F00716C45 /* String+Ext.swift in Sources */,
				5ACC547428C43A7900C1D34B /* RemoteImage.swift in Sources */,
				5ACC547028C38E3800C1D34B /* AppetizerListViewModel.swift in Sources */,
				5A0FD8A628BDA09900B8B918 /* AccountView.swift in Sources */,
				5A0FD89828BDA03200B8B918 /* AppetizerTabView.swift in Sources */,
				5ACC546C28C3797E00C1D34B /* NetworkManager.swift in Sources */,
				5AD8A7DC28C4C70800716C45 /* AppetizerDetailView.swift in Sources */,
				5A0FD89628BDA03200B8B918 /* AppetizersApp.swift in Sources */,
				5AD8A7E328C53F4500716C45 /* AccountViewModel.swift in Sources */,
				5AD8A7DF28C4D90B00716C45 /* APButton.swift in Sources */,
				5ACC547228C39A4900C1D34B /* Alert.swift in Sources */,
				5AD8A7E828C563F300716C45 /* User.swift in Sources */,
				5A0FD8A428BDA09000B8B918 /* AppetizerListView.swift in Sources */,
				5A0FD8A828BDA0A200B8B918 /* OrderView.swift in Sources */,
				5AD8A7E128C4DA3900716C45 /* XDismissButton.swift in Sources */,
			);
			runOnlyForDeploymentPostprocessing = 0;
		};
/* End PBXSourcesBuildPhase section */

/* Begin XCBuildConfiguration section */
		5A0FD89E28BDA03400B8B918 /* Debug */ = {
			isa = XCBuildConfiguration;
			buildSettings = {
				ALWAYS_SEARCH_USER_PATHS = NO;
				CLANG_ANALYZER_NONNULL = YES;
				CLANG_ANALYZER_NUMBER_OBJECT_CONVERSION = YES_AGGRESSIVE;
				CLANG_CXX_LANGUAGE_STANDARD = "gnu++17";
				CLANG_ENABLE_MODULES = YES;
				CLANG_ENABLE_OBJC_ARC = YES;
				CLANG_ENABLE_OBJC_WEAK = YES;
				CLANG_WARN_BLOCK_CAPTURE_AUTORELEASING = YES;
				CLANG_WARN_BOOL_CONVERSION = YES;
				CLANG_WARN_COMMA = YES;
				CLANG_WARN_CONSTANT_CONVERSION = YES;
				CLANG_WARN_DEPRECATED_OBJC_IMPLEMENTATIONS = YES;
				CLANG_WARN_DIRECT_OBJC_ISA_USAGE = YES_ERROR;
				CLANG_WARN_DOCUMENTATION_COMMENTS = YES;
				CLANG_WARN_EMPTY_BODY = YES;
				CLANG_WARN_ENUM_CONVERSION = YES;
				CLANG_WARN_INFINITE_RECURSION = YES;
				CLANG_WARN_INT_CONVERSION = YES;
				CLANG_WARN_NON_LITERAL_NULL_CONVERSION = YES;
				CLANG_WARN_OBJC_IMPLICIT_RETAIN_SELF = YES;
				CLANG_WARN_OBJC_LITERAL_CONVERSION = YES;
				CLANG_WARN_OBJC_ROOT_CLASS = YES_ERROR;
				CLANG_WARN_QUOTED_INCLUDE_IN_FRAMEWORK_HEADER = YES;
				CLANG_WARN_RANGE_LOOP_ANALYSIS = YES;
				CLANG_WARN_STRICT_PROTOTYPES = YES;
				CLANG_WARN_SUSPICIOUS_MOVE = YES;
				CLANG_WARN_UNGUARDED_AVAILABILITY = YES_AGGRESSIVE;
				CLANG_WARN_UNREACHABLE_CODE = YES;
				CLANG_WARN__DUPLICATE_METHOD_MATCH = YES;
				COPY_PHASE_STRIP = NO;
				DEBUG_INFORMATION_FORMAT = dwarf;
				ENABLE_STRICT_OBJC_MSGSEND = YES;
				ENABLE_TESTABILITY = YES;
				GCC_C_LANGUAGE_STANDARD = gnu11;
				GCC_DYNAMIC_NO_PIC = NO;
				GCC_NO_COMMON_BLOCKS = YES;
				GCC_OPTIMIZATION_LEVEL = 0;
				GCC_PREPROCESSOR_DEFINITIONS = (
					"DEBUG=1",
					"$(inherited)",
				);
				GCC_WARN_64_TO_32_BIT_CONVERSION = YES;
				GCC_WARN_ABOUT_RETURN_TYPE = YES_ERROR;
				GCC_WARN_UNDECLARED_SELECTOR = YES;
				GCC_WARN_UNINITIALIZED_AUTOS = YES_AGGRESSIVE;
				GCC_WARN_UNUSED_FUNCTION = YES;
				GCC_WARN_UNUSED_VARIABLE = YES;
				IPHONEOS_DEPLOYMENT_TARGET = 15.5;
				MTL_ENABLE_DEBUG_INFO = INCLUDE_SOURCE;
				MTL_FAST_MATH = YES;
				ONLY_ACTIVE_ARCH = YES;
				SDKROOT = iphoneos;
				SWIFT_ACTIVE_COMPILATION_CONDITIONS = DEBUG;
				SWIFT_OPTIMIZATION_LEVEL = "-Onone";
			};
			name = Debug;
		};
		5A0FD89F28BDA03400B8B918 /* Release */ = {
			isa = XCBuildConfiguration;
			buildSettings = {
				ALWAYS_SEARCH_USER_PATHS = NO;
				CLANG_ANALYZER_NONNULL = YES;
				CLANG_ANALYZER_NUMBER_OBJECT_CONVERSION = YES_AGGRESSIVE;
				CLANG_CXX_LANGUAGE_STANDARD = "gnu++17";
				CLANG_ENABLE_MODULES = YES;
				CLANG_ENABLE_OBJC_ARC = YES;
				CLANG_ENABLE_OBJC_WEAK = YES;
				CLANG_WARN_BLOCK_CAPTURE_AUTORELEASING = YES;
				CLANG_WARN_BOOL_CONVERSION = YES;
				CLANG_WARN_COMMA = YES;
				CLANG_WARN_CONSTANT_CONVERSION = YES;
				CLANG_WARN_DEPRECATED_OBJC_IMPLEMENTATIONS = YES;
				CLANG_WARN_DIRECT_OBJC_ISA_USAGE = YES_ERROR;
				CLANG_WARN_DOCUMENTATION_COMMENTS = YES;
				CLANG_WARN_EMPTY_BODY = YES;
				CLANG_WARN_ENUM_CONVERSION = YES;
				CLANG_WARN_INFINITE_RECURSION = YES;
				CLANG_WARN_INT_CONVERSION = YES;
				CLANG_WARN_NON_LITERAL_NULL_CONVERSION = YES;
				CLANG_WARN_OBJC_IMPLICIT_RETAIN_SELF = YES;
				CLANG_WARN_OBJC_LITERAL_CONVERSION = YES;
				CLANG_WARN_OBJC_ROOT_CLASS = YES_ERROR;
				CLANG_WARN_QUOTED_INCLUDE_IN_FRAMEWORK_HEADER = YES;
				CLANG_WARN_RANGE_LOOP_ANALYSIS = YES;
				CLANG_WARN_STRICT_PROTOTYPES = YES;
				CLANG_WARN_SUSPICIOUS_MOVE = YES;
				CLANG_WARN_UNGUARDED_AVAILABILITY = YES_AGGRESSIVE;
				CLANG_WARN_UNREACHABLE_CODE = YES;
				CLANG_WARN__DUPLICATE_METHOD_MATCH = YES;
				COPY_PHASE_STRIP = NO;
				DEBUG_INFORMATION_FORMAT = "dwarf-with-dsym";
				ENABLE_NS_ASSERTIONS = NO;
				ENABLE_STRICT_OBJC_MSGSEND = YES;
				GCC_C_LANGUAGE_STANDARD = gnu11;
				GCC_NO_COMMON_BLOCKS = YES;
				GCC_WARN_64_TO_32_BIT_CONVERSION = YES;
				GCC_WARN_ABOUT_RETURN_TYPE = YES_ERROR;
				GCC_WARN_UNDECLARED_SELECTOR = YES;
				GCC_WARN_UNINITIALIZED_AUTOS = YES_AGGRESSIVE;
				GCC_WARN_UNUSED_FUNCTION = YES;
				GCC_WARN_UNUSED_VARIABLE = YES;
				IPHONEOS_DEPLOYMENT_TARGET = 15.5;
				MTL_ENABLE_DEBUG_INFO = NO;
				MTL_FAST_MATH = YES;
				SDKROOT = iphoneos;
				SWIFT_COMPILATION_MODE = wholemodule;
				SWIFT_OPTIMIZATION_LEVEL = "-O";
				VALIDATE_PRODUCT = YES;
			};
			name = Release;
		};
		5A0FD8A128BDA03400B8B918 /* Debug */ = {
			isa = XCBuildConfiguration;
			buildSettings = {
				ASSETCATALOG_COMPILER_APPICON_NAME = AppIcon;
				ASSETCATALOG_COMPILER_GLOBAL_ACCENT_COLOR_NAME = AccentColor;
				CODE_SIGN_STYLE = Automatic;
				CURRENT_PROJECT_VERSION = 1;
				DEVELOPMENT_ASSET_PATHS = "\"Appetizers/Preview Content\"";
				DEVELOPMENT_TEAM = 2APF6AH5C2;
				ENABLE_PREVIEWS = YES;
				GENERATE_INFOPLIST_FILE = YES;
				INFOPLIST_KEY_UIApplicationSceneManifest_Generation = YES;
				INFOPLIST_KEY_UIApplicationSupportsIndirectInputEvents = YES;
				INFOPLIST_KEY_UILaunchScreen_Generation = YES;
				INFOPLIST_KEY_UISupportedInterfaceOrientations_iPad = "UIInterfaceOrientationPortrait UIInterfaceOrientationPortraitUpsideDown UIInterfaceOrientationLandscapeLeft UIInterfaceOrientationLandscapeRight";
				INFOPLIST_KEY_UISupportedInterfaceOrientations_iPhone = "UIInterfaceOrientationPortrait UIInterfaceOrientationLandscapeLeft UIInterfaceOrientationLandscapeRight";
				LD_RUNPATH_SEARCH_PATHS = (
					"$(inherited)",
					"@executable_path/Frameworks",
				);
				MARKETING_VERSION = 1.0;
				PRODUCT_BUNDLE_IDENTIFIER = com.pedroboga.Appetizers;
				PRODUCT_NAME = "$(TARGET_NAME)";
				SWIFT_EMIT_LOC_STRINGS = YES;
				SWIFT_VERSION = 5.0;
				TARGETED_DEVICE_FAMILY = "1,2";
			};
			name = Debug;
		};
		5A0FD8A228BDA03400B8B918 /* Release */ = {
			isa = XCBuildConfiguration;
			buildSettings = {
				ASSETCATALOG_COMPILER_APPICON_NAME = AppIcon;
				ASSETCATALOG_COMPILER_GLOBAL_ACCENT_COLOR_NAME = AccentColor;
				CODE_SIGN_STYLE = Automatic;
				CURRENT_PROJECT_VERSION = 1;
				DEVELOPMENT_ASSET_PATHS = "\"Appetizers/Preview Content\"";
				DEVELOPMENT_TEAM = 2APF6AH5C2;
				ENABLE_PREVIEWS = YES;
				GENERATE_INFOPLIST_FILE = YES;
				INFOPLIST_KEY_UIApplicationSceneManifest_Generation = YES;
				INFOPLIST_KEY_UIApplicationSupportsIndirectInputEvents = YES;
				INFOPLIST_KEY_UILaunchScreen_Generation = YES;
				INFOPLIST_KEY_UISupportedInterfaceOrientations_iPad = "UIInterfaceOrientationPortrait UIInterfaceOrientationPortraitUpsideDown UIInterfaceOrientationLandscapeLeft UIInterfaceOrientationLandscapeRight";
				INFOPLIST_KEY_UISupportedInterfaceOrientations_iPhone = "UIInterfaceOrientationPortrait UIInterfaceOrientationLandscapeLeft UIInterfaceOrientationLandscapeRight";
				LD_RUNPATH_SEARCH_PATHS = (
					"$(inherited)",
					"@executable_path/Frameworks",
				);
				MARKETING_VERSION = 1.0;
				PRODUCT_BUNDLE_IDENTIFIER = com.pedroboga.Appetizers;
				PRODUCT_NAME = "$(TARGET_NAME)";
				SWIFT_EMIT_LOC_STRINGS = YES;
				SWIFT_VERSION = 5.0;
				TARGETED_DEVICE_FAMILY = "1,2";
			};
			name = Release;
		};
/* End XCBuildConfiguration section */

/* Begin XCConfigurationList section */
		5A0FD88D28BDA03200B8B918 /* Build configuration list for PBXProject "Appetizers" */ = {
			isa = XCConfigurationList;
			buildConfigurations = (
				5A0FD89E28BDA03400B8B918 /* Debug */,
				5A0FD89F28BDA03400B8B918 /* Release */,
			);
			defaultConfigurationIsVisible = 0;
			defaultConfigurationName = Release;
		};
		5A0FD8A028BDA03400B8B918 /* Build configuration list for PBXNativeTarget "Appetizers" */ = {
			isa = XCConfigurationList;
			buildConfigurations = (
				5A0FD8A128BDA03400B8B918 /* Debug */,
				5A0FD8A228BDA03400B8B918 /* Release */,
			);
			defaultConfigurationIsVisible = 0;
			defaultConfigurationName = Release;
		};
/* End XCConfigurationList section */
	};
	rootObject = 5A0FD88A28BDA03200B8B918 /* Project object */;
}
